github.com/Masterminds/semver v1.4.2 h1:WBLTQ37jOCzSLtXNdoo8bNM8876KhNqOKvrlGITgsTc=
github.com/Masterminds/semver v1.4.2/go.mod h1:MB6lktGJrhw8PrUyiEoblNEGEQ+RzHPF078ddwwvV3Y=
github.com/Masterminds/vcs v1.12.0 h1:bt9Hb4XlfmEfLnVA0MVz2NO0GFuMN5vX8iOWW38Xde4=
github.com/Masterminds/vcs v1.12.0/go.mod h1:N09YCmOQr6RLxC6UNHzuVwAdodYbbnycGHSmwVJjcKA=
github.com/armon/go-radix v1.0.0 h1:F4z6KzEeeQIMeLFa97iZU6vupzoecKdU5TX24SNppXI=
github.com/armon/go-radix v1.0.0/go.mod h1:ufUuZ+zHj4x4TnLV4JWEpy2hxWSpsRywHrMgIH9cCH8=
github.com/aws/aws-sdk-go v1.15.35 h1:roOTR0eOeCgYwrz3NXmrneLFBYdnK8epLedaRMm1kQg=
github.com/aws/aws-sdk-go v1.15.35/go.mod h1:mFuSZ37Z9YOHbQEwBWztmVzqXrEkub65tZoCYDt7FT0=
github.com/boltdb/bolt v1.3.1 h1:JQmyP4ZBrce+ZQu0dY660FMfatumYDLun9hBCUVIkF4=
github.com/boltdb/bolt v1.3.1/go.mod h1:clJnj/oiGkjum5o1McbSZDSLxVThjynRyGBgiAx27Ps=
github.com/go-ini/ini v1.25.4 h1:Mujh4R/dH6YL8bxuISne3xX2+qcQ9p0IxKAP6ExWoUo=
github.com/go-ini/ini v1.25.4/go.mod h1:ByCAeIL28uOIIG0E3PJtZPDL8WnHpFKFOtgjp+3Ies8=
github.com/golang/dep v0.5.0 h1:DOdk51WclOTdBnm3KpmlJzF7Zp9V406dCqkvA+F849o=
github.com/golang/dep v0.5.0/go.mod h1:6RZ2Wai7dSWk7qL55sDYk+8UPFqcW7all2KDBraPPFA=
github.com/golang/go v0.0.0-20180917111458-859cf7fc0f45 h1:TzgBsSLT4dtU3VbdIXGud2C9fbE8BsCguE8e0LifNZ0=
github.com/golang/go v0.0.0-20180917111458-859cf7fc0f45/go.mod h1:VnTjtYw+XLkxokOYpCb9NBW3cOTFO8+uqxF7o10XJQk=
github.com/golang/protobuf v1.2.0 h1:P3YflyNX/ehuJFLhxviNdFxQPkGK5cDcApsge1SqnvM=
github.com/golang/protobuf v1.2.0/go.mod h1:6lQm79b+lXiMfvg/cZm0SGofjICqVBUtrP5yJMmIC1U=
github.com/jmank88/nuts v0.3.0 h1:UZUboV1LXVkBUTHLRTEZrDfAL7QYgj9jEsBCiJHrxEM=
github.com/jmank88/nuts v0.3.0/go.mod h1:kTf5cyoLibZUQg9Lns/gteKO1d/5XrhacD1QVKviAKk=
github.com/jmespath/go-jmespath v0.0.0-20160202185014-0b12d6b521d8 h1:12VvqtR6Aowv3l/EQUlocDHW2Cp4G9WJVH7uyH8QFJE=
github.com/jmespath/go-jmespath v0.0.0-20160202185014-0b12d6b521d8/go.mod h1:Nht3zPeWKUH0NzdCt2Blrr5ys8VGpn0CEB0cQHVjt7k=
github.com/nightlyone/lockfile v0.0.0-20180618180623-0ad87eef1443 h1:+2OJrU8cmOstEoh0uQvYemRGVH1O6xtO2oANUWHFnP0=
github.com/nightlyone/lockfile v0.0.0-20180618180623-0ad87eef1443/go.mod h1:JbxfV1Iifij2yhRjXai0oFrbpxszXHRx1E5RuM26o4Y=
github.com/pelletier/go-toml v1.2.0 h1:T5zMGML61Wp+FlcbWjRDT7yAxhJNAiPPLOFECq181zc=
github.com/pelletier/go-toml v1.2.0/go.mod h1:5z9KED0ma1S8pY6P1sdut58dfprrGBbd/94hg7ilaic=
github.com/pkg/errors v0.8.0 h1:WdK/asTD0HN+q6hsWO3/vpuAkAr+tw6aNJNDFFf0+qw=
github.com/pkg/errors v0.8.0/go.mod h1:bwawxfHBFNV+L2hUp1rHADufV3IMtnDRdf1r5NINEl0=
github.com/sdboyer/constext v0.0.0-20170321163424-836a14457353 h1:tnWWLf0nI2TI62Wd/ZOea4XYqE+y1sf2pdm+VItsc0c=
github.com/sdboyer/constext v0.0.0-20170321163424-836a14457353/go.mod h1:5HStXbIikwtDAgAIqiQIqVgMn7mlvZa6PTpwiAVYGYg=
golang.org/x/net v0.0.0-20180911220305-26e67e76b6c3 h1:czFLhve3vsQetD6JOJ8NZZvGQIXlnN3/yXxbT6/awxI=
golang.org/x/net v0.0.0-20180911220305-26e67e76b6c3/go.mod h1:mL1N/T3taQHkDXs73rZJwtUhF3w3ftmwwsq0BUmARs4=
golang.org/x/sync v0.0.0-20180314180146-1d60e4601c6f h1:wMNYb4v58l5UBM7MYRLPG6ZhfOqbKu7X5eyFl8ZhKvA=
golang.org/x/sync v0.0.0-20180314180146-1d60e4601c6f/go.mod h1:RxMgew5VJxzue5/jJTE5uejpjVlOe/izrB70Jof72aM=
